<?xml version="1.0" encoding="utf-8"?>
<Project ToolsVersion="4.0" xmlns="http://schemas.microsoft.com/developer/msbuild/2003">
  <ItemGroup>
    <Filter Include="MainDialog">
      <UniqueIdentifier>{2be8bda1-5e1c-4844-9424-38d16d7713ba}</UniqueIdentifier>
    </Filter>
    <Filter Include="ZZZMisc">
      <UniqueIdentifier>{3d479b39-339b-482a-9c0c-646b7b7f3ecb}</UniqueIdentifier>
    </Filter>
    <Filter Include="ZZZMisc\Source Files">
      <UniqueIdentifier>{15fd86c9-210d-4191-a06a-169159dc4a61}</UniqueIdentifier>
      <Extensions>cpp;c;cxx;def;odl;idl;hpj;bat;asm</Extensions>
    </Filter>
    <Filter Include="ZZZMisc\Resource Files">
      <UniqueIdentifier>{e49a15ad-fcdc-4670-8069-d1025db253a7}</UniqueIdentifier>
      <Extensions>rc;ico;cur;bmp;dlg;rc2;rct;bin;rgs;jpg;jpeg;jpe;manifest</Extensions>
    </Filter>
    <Filter Include="ZZZMisc\Header Files">
      <UniqueIdentifier>{51cd0eae-32a3-49c8-81dd-bbcb3abb7049}</UniqueIdentifier>
      <Extensions>h;hpp;hxx;hm;inl;inc</Extensions>
    </Filter>
    <Filter Include="ZZZMisc\Generated Files">
      <UniqueIdentifier>{da6d8c67-8dca-4578-9627-9a462e7a4618}</UniqueIdentifier>
    </Filter>
    <Filter Include="AutostartManager">
      <UniqueIdentifier>{ab3fe80e-f84f-4a05-9df2-e2646b0e6399}</UniqueIdentifier>
    </Filter>
    <Filter Include="AppSingleInstance">
      <UniqueIdentifier>{d7b18588-0353-4507-a37e-ce616f638e59}</UniqueIdentifier>
    </Filter>
    <Filter Include="ShowWindowCommand">
      <UniqueIdentifier>{dba25a64-ce21-460d-9237-ad0c06836611}</UniqueIdentifier>
    </Filter>
  </ItemGroup>
  <ItemGroup>
    <ClCompile Include="stdafx.cpp">
      <Filter>ZZZMisc\Source Files</Filter>
    </ClCompile>
    <ClCompile Include="jiraconnection_contract_i.c">
      <Filter>ZZZMisc\Generated Files</Filter>
    </ClCompile>
    <ClCompile Include="objmdl_contract_i.c">
      <Filter>ZZZMisc\Generated Files</Filter>
    </ClCompile>
    <ClCompile Include="viewmdl_contract_i.c">
      <Filter>ZZZMisc\Generated Files</Filter>
    </ClCompile>
    <ClCompile Include="MainDlg.cpp">
      <Filter>MainDialog</Filter>
    </ClCompile>
    <ClCompile Include="AutostartManager.cpp">
      <Filter>AutostartManager</Filter>
    </ClCompile>
    <ClCompile Include="AppSingleInstance.cpp">
      <Filter>AppSingleInstance</Filter>
    </ClCompile>
    <ClCompile Include="ShowWindowCommand.cpp">
      <Filter>ShowWindowCommand</Filter>
    </ClCompile>
    <ClCompile Include="NotifierHost.cpp">
      <Filter>ZZZMisc\Source Files</Filter>
    </ClCompile>
    <ClCompile Include="notifierhost_contract_i.c">
      <Filter>ZZZMisc\Generated Files</Filter>
    </ClCompile>
  </ItemGroup>
  <ItemGroup>
    <ClInclude Include="stdafx.h">
      <Filter>ZZZMisc\Header Files</Filter>
    </ClInclude>
    <ClInclude Include="resource.h">
      <Filter>ZZZMisc\Header Files</Filter>
    </ClInclude>
    <ClInclude Include="jiraconnection_contract_i.h">
      <Filter>ZZZMisc\Generated Files</Filter>
    </ClInclude>
    <ClInclude Include="objmdl_contract_i.h">
      <Filter>ZZZMisc\Generated Files</Filter>
    </ClInclude>
    <ClInclude Include="viewmdl_contract_i.h">
      <Filter>ZZZMisc\Generated Files</Filter>
    </ClInclude>
    <ClInclude Include="Plugins.h">
      <Filter>ZZZMisc\Header Files</Filter>
    </ClInclude>
    <ClInclude Include="MainDlg.h">
      <Filter>MainDialog</Filter>
    </ClInclude>
    <ClInclude Include="AutostartManager.h">
      <Filter>AutostartManager</Filter>
    </ClInclude>
    <ClInclude Include="AppSingleInstance.h">
      <Filter>AppSingleInstance</Filter>
    </ClInclude>
    <ClInclude Include="ShowWindowCommand.h">
      <Filter>ShowWindowCommand</Filter>
    </ClInclude>
    <ClInclude Include="notifierhost_contract_i.h">
      <Filter>ZZZMisc\Generated Files</Filter>
    </ClInclude>
  </ItemGroup>
  <ItemGroup>
    <ResourceCompile Include="JiraNotifier.rc">
      <Filter>ZZZMisc\Resource Files</Filter>
    </ResourceCompile>
  </ItemGroup>
  <ItemGroup>
    <None Include="res\jira.ico">
      <Filter>ZZZMisc\Resource Files</Filter>
    </None>
    <None Include="res\jira_updating.ico">
      <Filter>ZZZMisc\Resource Files</Filter>
    </None>
    <None Include="res\jira_error.ico">
      <Filter>ZZZMisc\Resource Files</Filter>
    </None>
    <None Include="res\jira_new_items.ico">
      <Filter>ZZZMisc\Resource Files</Filter>
    </None>
  </ItemGroup>
  <ItemGroup>
    <Midl Include="..\JiraConnection\jiraconnection_contract_i.idl">
      <Filter>ZZZMisc\Source Files</Filter>
    </Midl>
    <Midl Include="notifierhost_contract_i.idl">
      <Filter>ZZZMisc\Source Files</Filter>
    </Midl>
    <Midl Include="..\model-libs\ObjMdl\objmdl_contract_i.idl">
      <Filter>ZZZMisc\Source Files</Filter>
    </Midl>
    <Midl Include="..\model-libs\ViewMdl\viewmdl_contract_i.idl">
      <Filter>ZZZMisc\Source Files</Filter>
    </Midl>
  </ItemGroup>
</Project>